
Microsoft Visual Studio Solution File, Format Version 12.00
# Visual Studio Version 16
VisualStudioVersion = 16.0.30517.126
MinimumVisualStudioVersion = 10.0.40219.1
Project("{FAE04EC0-301F-11D3-BF4B-00C04F79EFBC}") = "WebApplication1", "WebApplication1\WebApplication1.csproj", "{A47AA511-A05D-4888-8AD4-9033B448A0BD}"
EndProject
Global
	GlobalSection(SolutionConfigurationPlatforms) = preSolution
		Debug|Any CPU = Debug|Any CPU
		Release|Any CPU = Release|Any CPU
	EndGlobalSection
	GlobalSection(ProjectConfigurationPlatforms) = postSolution
		{A47AA511-A05D-4888-8AD4-9033B448A0BD}.Debug|Any CPU.ActiveCfg = Debug|Any CPU
		{A47AA511-A05D-4888-8AD4-9033B448A0BD}.Debug|Any CPU.Build.0 = Debug|Any CPU
		{A47AA511-A05D-4888-8AD4-9033B448A0BD}.Release|Any CPU.ActiveCfg = Release|Any CPU
		{A47AA511-A05D-4888-8AD4-9033B448A0BD}.Release|Any CPU.Build.0 = Release|Any CPU
	EndGlobalSection
	GlobalSection(SolutionProperties) = preSolution
		HideSolutionNode = FALSE
	EndGlobalSection
	GlobalSection(ExtensibilityGlobals) = postSolution
		SolutionGuid = {1B28C825-3B29-4BA1-9DC3-91ADAFBF1E2F}
	EndGlobalSection
EndGlobal
